
Microsoft Visual Studio Solution File, Format Version 12.00
# Visual Studio Version 16
VisualStudioVersion = 16.0.29123.88
MinimumVisualStudioVersion = 10.0.40219.1
Project("{FAE04EC0-301F-11D3-BF4B-00C04F79EFBC}") = "AppDomains", "AppDomains\AppDomains.csproj", "{D6963204-9822-4C02-ADF9-E2A506EF1BD7}"
EndProject
Project("{FAE04EC0-301F-11D3-BF4B-00C04F79EFBC}") = "Billing", "Billing\Billing.csproj", "{24657528-060F-417E-82C4-0C94A5B65741}"
EndProject
Project("{FAE04EC0-301F-11D3-BF4B-00C04F79EFBC}") = "Common", "Common\Common.csproj", "{8EFE30C5-5E56-4AE9-89DF-A5C81CCFBBFD}"
EndProject
Global
	GlobalSection(SolutionConfigurationPlatforms) = preSolution
		Debug|Any CPU = Debug|Any CPU
		Release|Any CPU = Release|Any CPU
	EndGlobalSection
	GlobalSection(ProjectConfigurationPlatforms) = postSolution
		{D6963204-9822-4C02-ADF9-E2A506EF1BD7}.Debug|Any CPU.ActiveCfg = Debug|Any CPU
		{D6963204-9822-4C02-ADF9-E2A506EF1BD7}.Debug|Any CPU.Build.0 = Debug|Any CPU
		{D6963204-9822-4C02-ADF9-E2A506EF1BD7}.Release|Any CPU.ActiveCfg = Release|Any CPU
		{D6963204-9822-4C02-ADF9-E2A506EF1BD7}.Release|Any CPU.Build.0 = Release|Any CPU
		{24657528-060F-417E-82C4-0C94A5B65741}.Debug|Any CPU.ActiveCfg = Debug|Any CPU
		{24657528-060F-417E-82C4-0C94A5B65741}.Debug|Any CPU.Build.0 = Debug|Any CPU
		{24657528-060F-417E-82C4-0C94A5B65741}.Release|Any CPU.ActiveCfg = Release|Any CPU
		{24657528-060F-417E-82C4-0C94A5B65741}.Release|Any CPU.Build.0 = Release|Any CPU
		{8EFE30C5-5E56-4AE9-89DF-A5C81CCFBBFD}.Debug|Any CPU.ActiveCfg = Debug|Any CPU
		{8EFE30C5-5E56-4AE9-89DF-A5C81CCFBBFD}.Debug|Any CPU.Build.0 = Debug|Any CPU
		{8EFE30C5-5E56-4AE9-89DF-A5C81CCFBBFD}.Release|Any CPU.ActiveCfg = Release|Any CPU
		{8EFE30C5-5E56-4AE9-89DF-A5C81CCFBBFD}.Release|Any CPU.Build.0 = Release|Any CPU
	EndGlobalSection
	GlobalSection(SolutionProperties) = preSolution
		HideSolutionNode = FALSE
	EndGlobalSection
	GlobalSection(ExtensibilityGlobals) = postSolution
		SolutionGuid = {BCE4AC04-5BAD-4972-8CEE-B242A3839D34}
	EndGlobalSection
EndGlobal
