
Microsoft Visual Studio Solution File, Format Version 12.00
# Visual Studio Version 16
VisualStudioVersion = 16.0.29123.88
MinimumVisualStudioVersion = 10.0.40219.1
Project("{FAE04EC0-301F-11D3-BF4B-00C04F79EFBC}") = "Testing", "Testing\Testing.csproj", "{E95D2BCF-888E-4979-9B1E-85A21D2827C4}"
EndProject
Project("{FAE04EC0-301F-11D3-BF4B-00C04F79EFBC}") = "Testing.Tests", "Testing.Tests\Testing.Tests.csproj", "{603FABC5-BA9E-45B9-94E0-164613834355}"
EndProject
Global
	GlobalSection(SolutionConfigurationPlatforms) = preSolution
		Debug|Any CPU = Debug|Any CPU
		Release|Any CPU = Release|Any CPU
	EndGlobalSection
	GlobalSection(ProjectConfigurationPlatforms) = postSolution
		{E95D2BCF-888E-4979-9B1E-85A21D2827C4}.Debug|Any CPU.ActiveCfg = Debug|Any CPU
		{E95D2BCF-888E-4979-9B1E-85A21D2827C4}.Debug|Any CPU.Build.0 = Debug|Any CPU
		{E95D2BCF-888E-4979-9B1E-85A21D2827C4}.Release|Any CPU.ActiveCfg = Release|Any CPU
		{E95D2BCF-888E-4979-9B1E-85A21D2827C4}.Release|Any CPU.Build.0 = Release|Any CPU
		{603FABC5-BA9E-45B9-94E0-164613834355}.Debug|Any CPU.ActiveCfg = Debug|Any CPU
		{603FABC5-BA9E-45B9-94E0-164613834355}.Debug|Any CPU.Build.0 = Debug|Any CPU
		{603FABC5-BA9E-45B9-94E0-164613834355}.Release|Any CPU.ActiveCfg = Release|Any CPU
		{603FABC5-BA9E-45B9-94E0-164613834355}.Release|Any CPU.Build.0 = Release|Any CPU
	EndGlobalSection
	GlobalSection(SolutionProperties) = preSolution
		HideSolutionNode = FALSE
	EndGlobalSection
	GlobalSection(ExtensibilityGlobals) = postSolution
		SolutionGuid = {1E593B08-F584-4CC8-A939-54E61607A105}
	EndGlobalSection
EndGlobal
