
Microsoft Visual Studio Solution File, Format Version 12.00
# Visual Studio Version 16
VisualStudioVersion = 16.0.29123.88
MinimumVisualStudioVersion = 10.0.40219.1
Project("{FAE04EC0-301F-11D3-BF4B-00C04F79EFBC}") = "ELK.Core", "ELK.Core\ELK.Core.csproj", "{84EA463A-6849-4FA6-8B77-6FD54609BE81}"
EndProject
Global
	GlobalSection(SolutionConfigurationPlatforms) = preSolution
		Debug|Any CPU = Debug|Any CPU
		Release|Any CPU = Release|Any CPU
	EndGlobalSection
	GlobalSection(ProjectConfigurationPlatforms) = postSolution
		{84EA463A-6849-4FA6-8B77-6FD54609BE81}.Debug|Any CPU.ActiveCfg = Debug|Any CPU
		{84EA463A-6849-4FA6-8B77-6FD54609BE81}.Debug|Any CPU.Build.0 = Debug|Any CPU
		{84EA463A-6849-4FA6-8B77-6FD54609BE81}.Release|Any CPU.ActiveCfg = Release|Any CPU
		{84EA463A-6849-4FA6-8B77-6FD54609BE81}.Release|Any CPU.Build.0 = Release|Any CPU
	EndGlobalSection
	GlobalSection(SolutionProperties) = preSolution
		HideSolutionNode = FALSE
	EndGlobalSection
	GlobalSection(ExtensibilityGlobals) = postSolution
		SolutionGuid = {077E4E5B-1C3A-4526-8DA8-41D9CC8EBB07}
	EndGlobalSection
EndGlobal
