
Microsoft Visual Studio Solution File, Format Version 12.00
# Visual Studio Version 16
VisualStudioVersion = 16.0.29411.108
MinimumVisualStudioVersion = 10.0.40219.1
Project("{9A19103F-16F7-4668-BE54-9A1E7A4F7556}") = "Configuration", "ConsoleApp1\Configuration.csproj", "{499CC5E4-94EF-4EEF-A9BC-84CE81D40F51}"
EndProject
Project("{9A19103F-16F7-4668-BE54-9A1E7A4F7556}") = "Leader", "Leader\Leader.csproj", "{C4B4E961-A31E-42C8-BE78-007737EC0806}"
EndProject
Project("{9A19103F-16F7-4668-BE54-9A1E7A4F7556}") = "ServiceDiscovery", "ServiceDis\ServiceDiscovery.csproj", "{B17F8E02-AD87-4C14-85F8-BBA6C9C1C5C6}"
EndProject
Global
	GlobalSection(SolutionConfigurationPlatforms) = preSolution
		Debug|Any CPU = Debug|Any CPU
		Release|Any CPU = Release|Any CPU
	EndGlobalSection
	GlobalSection(ProjectConfigurationPlatforms) = postSolution
		{499CC5E4-94EF-4EEF-A9BC-84CE81D40F51}.Debug|Any CPU.ActiveCfg = Debug|Any CPU
		{499CC5E4-94EF-4EEF-A9BC-84CE81D40F51}.Debug|Any CPU.Build.0 = Debug|Any CPU
		{499CC5E4-94EF-4EEF-A9BC-84CE81D40F51}.Release|Any CPU.ActiveCfg = Release|Any CPU
		{499CC5E4-94EF-4EEF-A9BC-84CE81D40F51}.Release|Any CPU.Build.0 = Release|Any CPU
		{C4B4E961-A31E-42C8-BE78-007737EC0806}.Debug|Any CPU.ActiveCfg = Debug|Any CPU
		{C4B4E961-A31E-42C8-BE78-007737EC0806}.Debug|Any CPU.Build.0 = Debug|Any CPU
		{C4B4E961-A31E-42C8-BE78-007737EC0806}.Release|Any CPU.ActiveCfg = Release|Any CPU
		{C4B4E961-A31E-42C8-BE78-007737EC0806}.Release|Any CPU.Build.0 = Release|Any CPU
		{B17F8E02-AD87-4C14-85F8-BBA6C9C1C5C6}.Debug|Any CPU.ActiveCfg = Debug|Any CPU
		{B17F8E02-AD87-4C14-85F8-BBA6C9C1C5C6}.Debug|Any CPU.Build.0 = Debug|Any CPU
		{B17F8E02-AD87-4C14-85F8-BBA6C9C1C5C6}.Release|Any CPU.ActiveCfg = Release|Any CPU
		{B17F8E02-AD87-4C14-85F8-BBA6C9C1C5C6}.Release|Any CPU.Build.0 = Release|Any CPU
	EndGlobalSection
	GlobalSection(SolutionProperties) = preSolution
		HideSolutionNode = FALSE
	EndGlobalSection
	GlobalSection(ExtensibilityGlobals) = postSolution
		SolutionGuid = {A664FF45-13AA-4F44-9C22-7206E658C89F}
	EndGlobalSection
EndGlobal
