
Microsoft Visual Studio Solution File, Format Version 12.00
# Visual Studio Version 16
VisualStudioVersion = 16.0.30611.23
MinimumVisualStudioVersion = 10.0.40219.1
Project("{9A19103F-16F7-4668-BE54-9A1E7A4F7556}") = "KafkaExercise", "KafkaExercise\KafkaExercise.csproj", "{DA087FEF-4906-4E72-BDE2-981F1BA4725A}"
EndProject
Project("{FAE04EC0-301F-11D3-BF4B-00C04F79EFBC}") = "RXDemo", "RXDemo\RXDemo.csproj", "{21CDE8CA-C273-4E9F-81C5-B4EEC614A0AE}"
EndProject
Global
	GlobalSection(SolutionConfigurationPlatforms) = preSolution
		Debug|Any CPU = Debug|Any CPU
		Release|Any CPU = Release|Any CPU
	EndGlobalSection
	GlobalSection(ProjectConfigurationPlatforms) = postSolution
		{DA087FEF-4906-4E72-BDE2-981F1BA4725A}.Debug|Any CPU.ActiveCfg = Debug|Any CPU
		{DA087FEF-4906-4E72-BDE2-981F1BA4725A}.Debug|Any CPU.Build.0 = Debug|Any CPU
		{DA087FEF-4906-4E72-BDE2-981F1BA4725A}.Release|Any CPU.ActiveCfg = Release|Any CPU
		{DA087FEF-4906-4E72-BDE2-981F1BA4725A}.Release|Any CPU.Build.0 = Release|Any CPU
		{21CDE8CA-C273-4E9F-81C5-B4EEC614A0AE}.Debug|Any CPU.ActiveCfg = Debug|Any CPU
		{21CDE8CA-C273-4E9F-81C5-B4EEC614A0AE}.Debug|Any CPU.Build.0 = Debug|Any CPU
		{21CDE8CA-C273-4E9F-81C5-B4EEC614A0AE}.Release|Any CPU.ActiveCfg = Release|Any CPU
		{21CDE8CA-C273-4E9F-81C5-B4EEC614A0AE}.Release|Any CPU.Build.0 = Release|Any CPU
	EndGlobalSection
	GlobalSection(SolutionProperties) = preSolution
		HideSolutionNode = FALSE
	EndGlobalSection
	GlobalSection(ExtensibilityGlobals) = postSolution
		SolutionGuid = {59398720-31C6-442B-B55A-E2E7EB1F2265}
	EndGlobalSection
EndGlobal
